{
  "version": "3",
  "redirects": {
    "https://deno.land/std/fmt/printf.ts": "https://deno.land/std@0.86.0/fmt/printf.ts",
    "https://deno.land/std/path/mod.ts": "https://deno.land/std@0.178.0/path/mod.ts",
    "https://deno.land/std/testing/asserts.ts": "https://deno.land/std@0.86.0/testing/asserts.ts"
  },
  "remote": {
    "https://deno.land/std@0.141.0/_util/assert.ts": "e94f2eb37cebd7f199952e242c77654e43333c1ac4c5c700e929ea3aa5489f74",
    "https://deno.land/std@0.141.0/bytes/bytes_list.ts": "67eb118e0b7891d2f389dad4add35856f4ad5faab46318ff99653456c23b025d",
    "https://deno.land/std@0.141.0/bytes/equals.ts": "fc16dff2090cced02497f16483de123dfa91e591029f985029193dfaa9d894c9",
    "https://deno.land/std@0.141.0/bytes/mod.ts": "763f97d33051cc3f28af1a688dfe2830841192a9fea0cbaa55f927b49d49d0bf",
    "https://deno.land/std@0.141.0/fmt/colors.ts": "30455035d6d728394781c10755351742dd731e3db6771b1843f9b9e490104d37",
    "https://deno.land/std@0.141.0/io/buffer.ts": "bd0c4bf53db4b4be916ca5963e454bddfd3fcd45039041ea161dbf826817822b",
    "https://deno.land/std@0.141.0/streams/conversion.ts": "8268f3f1a43324953dd8e9e4e31adb42e3caddb4502433bde03c279e43d70a3b",
    "https://deno.land/std@0.158.0/_util/assert.ts": "e94f2eb37cebd7f199952e242c77654e43333c1ac4c5c700e929ea3aa5489f74",
    "https://deno.land/std@0.158.0/_util/os.ts": "8a33345f74990e627b9dfe2de9b040004b08ea5146c7c9e8fe9a29070d193934",
    "https://deno.land/std@0.158.0/async/deferred.ts": "c01de44b9192359cebd3fe93273fcebf9e95110bf3360023917da9a2d1489fae",
    "https://deno.land/std@0.158.0/bytes/bytes_list.ts": "aba5e2369e77d426b10af1de0dcc4531acecec27f9b9056f4f7bfbf8ac147ab4",
    "https://deno.land/std@0.158.0/bytes/equals.ts": "3c3558c3ae85526f84510aa2b48ab2ad7bdd899e2e0f5b7a8ffc85acb3a6043a",
    "https://deno.land/std@0.158.0/bytes/mod.ts": "763f97d33051cc3f28af1a688dfe2830841192a9fea0cbaa55f927b49d49d0bf",
    "https://deno.land/std@0.158.0/encoding/base64.ts": "c57868ca7fa2fbe919f57f88a623ad34e3d970d675bdc1ff3a9d02bba7409db2",
    "https://deno.land/std@0.158.0/encoding/hex.ts": "4cc5324417cbb4ac9b828453d35aed45b9cc29506fad658f1f138d981ae33795",
    "https://deno.land/std@0.158.0/fmt/colors.ts": "ff7dc9c9f33a72bd48bc24b21bbc1b4545d8494a431f17894dbc5fe92a938fc4",
    "https://deno.land/std@0.158.0/fs/_util.ts": "fdc156f897197f261a1c096dcf8ff9267ed0ff42bd5b31f55053a4763a4bae3b",
    "https://deno.land/std@0.158.0/fs/exists.ts": "3661a679d9018338df5df7cd9fc7cd918f5e447e7304a5391f849a893ce24107",
    "https://deno.land/std@0.158.0/fs/walk.ts": "d6c73a2a2fb5fde60150ce27cff3fff420e72e5bb84131b4919c9a41d74712ce",
    "https://deno.land/std@0.158.0/hash/_wasm/hash.ts": "b408d3859efa8f755fabe63042df9872353bbd3a9c72943e4a6cda1de53e3aa6",
    "https://deno.land/std@0.158.0/hash/_wasm/lib/deno_hash.generated.mjs": "1591bee0464c0bdcf29fb21951d0cccf1a93d7f47ea7b67bcf90f151a66b1cff",
    "https://deno.land/std@0.158.0/hash/hasher.ts": "42fa30957370d69d22800a901ee147a2539b2b8cf3a9000737a4b0fb2317bb8f",
    "https://deno.land/std@0.158.0/hash/mod.ts": "483d774cc4635904fa9dcdc942ebb6ffe1efe3bac74dad08a42798e52c5f601f",
    "https://deno.land/std@0.158.0/io/buffer.ts": "fae02290f52301c4e0188670e730cd902f9307fb732d79c4aa14ebdc82497289",
    "https://deno.land/std@0.158.0/io/files.ts": "d199ef64e918a256320ba8d8d44ae91de87c9077df8f8d6cca013f1b9fbbe285",
    "https://deno.land/std@0.158.0/io/mod.ts": "33507cf2460ab67d0d90fb5749fa6fecb33897642b49d54a6bb1ac81e4768f69",
    "https://deno.land/std@0.158.0/io/readers.ts": "45847ad404afd2f605eae1cff193f223462bc55eeb9ae313c2f3db28aada0fd6",
    "https://deno.land/std@0.158.0/io/streams.ts": "8a11aabe7ecfce50dddfa840705d393a9a5bc5230b49556feee23a9492b5601a",
    "https://deno.land/std@0.158.0/io/types.d.ts": "0cae3a62da7a37043661746c65c021058bae020b54e50c0e774916e5d4baee43",
    "https://deno.land/std@0.158.0/io/util.ts": "b5746d0f549d6ca25f57277df48d77a2a49a823ca73c909848aff04421cc2a6e",
    "https://deno.land/std@0.158.0/io/writers.ts": "2e1c63ffd0cfba411b1fd8374609abff9ea86187c9d4d885d42e6fc20325ef0e",
    "https://deno.land/std@0.158.0/path/_constants.ts": "df1db3ffa6dd6d1252cc9617e5d72165cd2483df90e93833e13580687b6083c3",
    "https://deno.land/std@0.158.0/path/_interface.ts": "ee3b431a336b80cf445441109d089b70d87d5e248f4f90ff906820889ecf8d09",
    "https://deno.land/std@0.158.0/path/_util.ts": "d16be2a16e1204b65f9d0dfc54a9bc472cafe5f4a190b3c8471ec2016ccd1677",
    "https://deno.land/std@0.158.0/path/common.ts": "bee563630abd2d97f99d83c96c2fa0cca7cee103e8cb4e7699ec4d5db7bd2633",
    "https://deno.land/std@0.158.0/path/glob.ts": "cb5255638de1048973c3e69e420c77dc04f75755524cb3b2e160fe9277d939ee",
    "https://deno.land/std@0.158.0/path/mod.ts": "56fec03ad0ebd61b6ab39ddb9b0ddb4c4a5c9f2f4f632e09dd37ec9ebfd722ac",
    "https://deno.land/std@0.158.0/path/posix.ts": "c1f7afe274290ea0b51da07ee205653b2964bd74909a82deb07b69a6cc383aaa",
    "https://deno.land/std@0.158.0/path/separator.ts": "fe1816cb765a8068afb3e8f13ad272351c85cbc739af56dacfc7d93d710fe0f9",
    "https://deno.land/std@0.158.0/path/win32.ts": "bd7549042e37879c68ff2f8576a25950abbfca1d696d41d82c7bca0b7e6f452c",
    "https://deno.land/std@0.158.0/streams/conversion.ts": "fc4eb76a14148c43f0b85e903a5a1526391aa40ed9434dc21e34f88304eb823e",
    "https://deno.land/std@0.158.0/streams/delimiter.ts": "bd9a5491695fa986c8ea8d016764b7e096ca3f9408302d41332b68271d1f7e1b",
    "https://deno.land/std@0.158.0/streams/merge.ts": "88ed3dfa030ae076802688e4cadd762a251a41d81ed1776dfd9a2a9a0e970195",
    "https://deno.land/std@0.158.0/testing/_diff.ts": "a23e7fc2b4d8daa3e158fa06856bedf5334ce2a2831e8bf9e509717f455adb2c",
    "https://deno.land/std@0.158.0/testing/_format.ts": "cd11136e1797791045e639e9f0f4640d5b4166148796cad37e6ef75f7d7f3832",
    "https://deno.land/std@0.158.0/testing/asserts.ts": "8696c488bc98d8d175e74dc652a0ffbc7fca93858da01edc57ed33c1148345da",
    "https://deno.land/std@0.178.0/_util/asserts.ts": "178dfc49a464aee693a7e285567b3d0b555dc805ff490505a8aae34f9cfb1462",
    "https://deno.land/std@0.178.0/_util/os.ts": "d932f56d41e4f6a6093d56044e29ce637f8dcc43c5a90af43504a889cf1775e3",
    "https://deno.land/std@0.178.0/path/_constants.ts": "e49961f6f4f48039c0dfed3c3f93e963ca3d92791c9d478ac5b43183413136e0",
    "https://deno.land/std@0.178.0/path/_interface.ts": "6471159dfbbc357e03882c2266d21ef9afdb1e4aa771b0545e90db58a0ba314b",
    "https://deno.land/std@0.178.0/path/_util.ts": "d7abb1e0dea065f427b89156e28cdeb32b045870acdf865833ba808a73b576d0",
    "https://deno.land/std@0.178.0/path/common.ts": "ee7505ab01fd22de3963b64e46cff31f40de34f9f8de1fff6a1bd2fe79380000",
    "https://deno.land/std@0.178.0/path/glob.ts": "d479e0a695621c94d3fd7fe7abd4f9499caf32a8de13f25073451c6ef420a4e1",
    "https://deno.land/std@0.178.0/path/mod.ts": "4b83694ac500d7d31b0cdafc927080a53dc0c3027eb2895790fb155082b0d232",
    "https://deno.land/std@0.178.0/path/posix.ts": "8b7c67ac338714b30c816079303d0285dd24af6b284f7ad63da5b27372a2c94d",
    "https://deno.land/std@0.178.0/path/separator.ts": "0fb679739d0d1d7bf45b68dacfb4ec7563597a902edbaf3c59b50d5bcadd93b1",
    "https://deno.land/std@0.178.0/path/win32.ts": "d186344e5583bcbf8b18af416d13d82b35a317116e6460a5a3953508c3de5bba",
    "https://deno.land/std@0.190.0/_util/asserts.ts": "178dfc49a464aee693a7e285567b3d0b555dc805ff490505a8aae34f9cfb1462",
    "https://deno.land/std@0.190.0/_util/os.ts": "d932f56d41e4f6a6093d56044e29ce637f8dcc43c5a90af43504a889cf1775e3",
    "https://deno.land/std@0.190.0/async/deferred.ts": "42790112f36a75a57db4a96d33974a936deb7b04d25c6084a9fa8a49f135def8",
    "https://deno.land/std@0.190.0/bytes/bytes_list.ts": "31d664f4d42fa922066405d0e421c56da89d751886ee77bbe25a88bf0310c9d0",
    "https://deno.land/std@0.190.0/bytes/copy.ts": "939d89e302a9761dcf1d9c937c7711174ed74c59eef40a1e4569a05c9de88219",
    "https://deno.land/std@0.190.0/fmt/colors.ts": "d67e3cd9f472535241a8e410d33423980bec45047e343577554d3356e1f0ef4e",
    "https://deno.land/std@0.190.0/io/buffer.ts": "17f4410eaaa60a8a85733e8891349a619eadfbbe42e2f319283ce2b8f29723ab",
    "https://deno.land/std@0.190.0/path/_constants.ts": "e49961f6f4f48039c0dfed3c3f93e963ca3d92791c9d478ac5b43183413136e0",
    "https://deno.land/std@0.190.0/path/_interface.ts": "6471159dfbbc357e03882c2266d21ef9afdb1e4aa771b0545e90db58a0ba314b",
    "https://deno.land/std@0.190.0/path/_util.ts": "d7abb1e0dea065f427b89156e28cdeb32b045870acdf865833ba808a73b576d0",
    "https://deno.land/std@0.190.0/path/common.ts": "ee7505ab01fd22de3963b64e46cff31f40de34f9f8de1fff6a1bd2fe79380000",
    "https://deno.land/std@0.190.0/path/glob.ts": "d479e0a695621c94d3fd7fe7abd4f9499caf32a8de13f25073451c6ef420a4e1",
    "https://deno.land/std@0.190.0/path/mod.ts": "ee161baec5ded6510ee1d1fb6a75a0f5e4b41f3f3301c92c716ecbdf7dae910d",
    "https://deno.land/std@0.190.0/path/posix.ts": "8b7c67ac338714b30c816079303d0285dd24af6b284f7ad63da5b27372a2c94d",
    "https://deno.land/std@0.190.0/path/separator.ts": "0fb679739d0d1d7bf45b68dacfb4ec7563597a902edbaf3c59b50d5bcadd93b1",
    "https://deno.land/std@0.190.0/path/win32.ts": "d186344e5583bcbf8b18af416d13d82b35a317116e6460a5a3953508c3de5bba",
    "https://deno.land/std@0.190.0/streams/_common.ts": "f45cba84f0d813de3326466095539602364a9ba521f804cc758f7a475cda692d",
    "https://deno.land/std@0.190.0/streams/buffer.ts": "d5b3d7d0299114e5b2ea895a8bf202a687fd915c5282f8096c7bae23b5a04407",
    "https://deno.land/std@0.190.0/streams/byte_slice_stream.ts": "225d57263a34325d7c96cb3dafeb478eec0e6fd05cd0458d678752eadd132bb4",
    "https://deno.land/std@0.190.0/streams/copy.ts": "75cbc795ff89291df22ddca5252de88b2e16d40c85d02840593386a8a1454f71",
    "https://deno.land/std@0.190.0/streams/delimiter_stream.ts": "f69e849b3d1f59f02424497273f411105a6f76a9f13da92aeeb9a2d554236814",
    "https://deno.land/std@0.190.0/streams/early_zip_readable_streams.ts": "4005fa74162b943f79899e5d7cb96adcbc0a6b867f9144974ed12d30e0a556e1",
    "https://deno.land/std@0.190.0/streams/iterate_reader.ts": "bbec1d45c2df2c0c5920bad0549351446fdc8e0886d99e95959b259dbcdb6072",
    "https://deno.land/std@0.190.0/streams/limited_bytes_transform_stream.ts": "05dc592ffaab83257494d22dd53917e56243c26e5e3129b3f13ddbbbc4785048",
    "https://deno.land/std@0.190.0/streams/limited_transform_stream.ts": "d69ab790232c1b86f53621ad41ef03c235f2abb4b7a1cd51960ad6e12ee55e38",
    "https://deno.land/std@0.190.0/streams/merge_readable_streams.ts": "5d6302888f4bb0616dafb5768771be0aec9bedc05fbae6b3d726d05ffbec5b15",
    "https://deno.land/std@0.190.0/streams/mod.ts": "c07ec010e700b9ea887dc36ca08729828bc7912f711e4054e24d33fd46282252",
    "https://deno.land/std@0.190.0/streams/read_all.ts": "ee319772fb0fd28302f97343cc48dfcf948f154fd0d755d8efe65814b70533be",
    "https://deno.land/std@0.190.0/streams/readable_stream_from_iterable.ts": "cd4bb9e9bf6dbe84c213beb1f5085c326624421671473e410cfaecad15f01865",
    "https://deno.land/std@0.190.0/streams/readable_stream_from_reader.ts": "bfc416c4576a30aac6b9af22c9dc292c20c6742141ee7c55b5e85460beb0c54e",
    "https://deno.land/std@0.190.0/streams/reader_from_iterable.ts": "55f68110dce3f8f2c87b834d95f153bc904257fc65175f9f2abe78455cb8047c",
    "https://deno.land/std@0.190.0/streams/reader_from_stream_reader.ts": "fa4971e5615a010e49492c5d1688ca1a4d17472a41e98b498ab89a64ebd7ac73",
    "https://deno.land/std@0.190.0/streams/text_delimiter_stream.ts": "20e680ab8b751390e359288ce764f9c47d164af11a263870746eeca4bc7d976b",
    "https://deno.land/std@0.190.0/streams/text_line_stream.ts": "0f2c4b33a5fdb2476f2e060974cba1347cefe99a4af33c28a57524b1a34750fa",
    "https://deno.land/std@0.190.0/streams/to_transform_stream.ts": "7f55fc0b14cf3ed0f8d10d8f41d05bdc40726e44a65c37f58705d10a615f0159",
    "https://deno.land/std@0.190.0/streams/writable_stream_from_writer.ts": "56fff5c82fb736fdd669b567cc0b2bbbe0351002cd13254eae26c366e2bed89a",
    "https://deno.land/std@0.190.0/streams/write_all.ts": "aec90152978581ea62d56bb53a5cbf487e6a89c902f87c5969681ffbdf32b998",
    "https://deno.land/std@0.190.0/streams/writer_from_stream_writer.ts": "07c7ee025151a190f37fc42cbb01ff93afc949119ebddc6e0d0df14df1bf6950",
    "https://deno.land/std@0.190.0/streams/zip_readable_streams.ts": "a9d81aa451240f79230add674809dbee038d93aabe286e2d9671e66591fc86ca",
    "https://deno.land/std@0.190.0/types.d.ts": "dbaeb2c4d7c526db9828fc8df89d8aecf53b9ced72e0c4568f97ddd8cda616a4",
    "https://deno.land/std@0.86.0/fmt/colors.ts": "d253f2367e5feebcf0f49676533949c09ea07a2d95fb74958f6f5c1c22fbec49",
    "https://deno.land/std@0.86.0/fmt/printf.ts": "ddba269db22830532da9955607831c89d36d2627ce4abbb50638729e70559be8",
    "https://deno.land/std@0.86.0/testing/_diff.ts": "961eaf6d9f5b0a8556c9d835bbc6fa74f5addd7d3b02728ba7936ff93364f7a3",
    "https://deno.land/std@0.86.0/testing/asserts.ts": "de942b2e1cb6dac1c1c4a7b698be017337e2e2cc2252ae0a6d215c5befde1e82",
    "https://deno.land/x/cliui@v7.0.4-deno/build/lib/index.d.ts": "4f04923352ce24027ad6fe25c85249e0b0cc5c29fe18d62024d004c59d9e41ee",
    "https://deno.land/x/cliui@v7.0.4-deno/build/lib/index.js": "fb6030c7b12602a4fca4d81de3ddafa301ba84fd9df73c53de6f3bdda7b482d5",
    "https://deno.land/x/cliui@v7.0.4-deno/build/lib/string-utils.js": "b3eb9d2e054a43a3064af17332fb1839a7dadb205c5371af4789616afb1a117f",
    "https://deno.land/x/cliui@v7.0.4-deno/deno.ts": "d07bc3338661f8011e3a5fd215061d17a52107a5383c29f40ce0c1ecb8bb8cc3",
    "https://deno.land/x/escalade@v3.0.3/sync.ts": "493bc66563292c5c10c4a75a467a5933f24dad67d74b0f5a87e7b988fe97c104",
    "https://deno.land/x/i18next@v21.2.4/BackendConnector.js": "c66ae309fd8fce0e20ee44dd6ec8f8f990beed19d473434308c5dc27c932b433",
    "https://deno.land/x/i18next@v21.2.4/EventEmitter.js": "8831b642cd1c567ec391c17df2b4b731aee27b12f4d3c7a972209c09e696b3d9",
    "https://deno.land/x/i18next@v21.2.4/Interpolator.js": "148b5403fe6e14b3b7b94079cba1fcc2cb8f014bff20be25f1cdde6d49b45c9d",
    "https://deno.land/x/i18next@v21.2.4/LanguageUtils.js": "5f98f6594b859bf7b38644c4bb5016db71654c95f21721c4b42d16242510dcf7",
    "https://deno.land/x/i18next@v21.2.4/PluralResolver.js": "b4bcb42342a146854ca619ada68694e436afa34e9b4d3784a2d155d23a6c7513",
    "https://deno.land/x/i18next@v21.2.4/ResourceStore.js": "139e37847f627aa8f7b896b74ce0644a41e9595f005442dc92275ff421be1715",
    "https://deno.land/x/i18next@v21.2.4/Translator.js": "bddb04eaf6af82fa67190fa30fb8cb3aa53876f596c847d07f55db185603bda5",
    "https://deno.land/x/i18next@v21.2.4/defaults.js": "bbbfc4ed83fea07dbf3dab92daa6c65ddeea6d80869641c4071fe9138072c947",
    "https://deno.land/x/i18next@v21.2.4/i18next.js": "543f365b7cd426cde35d992a97a00b602df7fb0a98a40527b46248fbcedcb11b",
    "https://deno.land/x/i18next@v21.2.4/index.js": "aadbafdc0288b7201fef04cfd378d225eed11ac12a4701d83eaff71f8f2fb10d",
    "https://deno.land/x/i18next@v21.2.4/logger.js": "0e8133c248f66d56b9fbcbc980ea5415dea5361db8f954544cfba67b3f0118c2",
    "https://deno.land/x/i18next@v21.2.4/postProcessor.js": "f332e0043d612af521637f6de8c8ad690b7ac4043bab8f936345b21f05af5d4d",
    "https://deno.land/x/i18next@v21.2.4/utils.js": "ef948f67e25945f7ab50437979ed6df840678ef33f9526b4463c92ed91c07f3d",
    "https://deno.land/x/progress@v1.2.8/deps.ts": "e0abdc972a0c152508b28ced5ae9c4be26a5773f0aa4a3caa72371c84d2e28a2",
    "https://deno.land/x/progress@v1.2.8/mod.ts": "5ef7c7ff079d71effed5055666af81cc58a566bc98e2df8473526bd6457976c5",
    "https://deno.land/x/progress@v1.2.8/multi.ts": "392553552243204539d83ee53cadda990db20b1b421520411318ff9bd0320646",
    "https://deno.land/x/shell_stream@v1.1.0/Stream.ts": "cd64f8c2055e622dd785230c5174c0085409e90600c915dcb4d481b83dea6faf",
    "https://deno.land/x/shell_stream@v1.1.0/deps.ts": "e5a8845b0c2d261e8a023d3a0ecfdc4f71da20c3427c27888be730a7eddbf8ff",
    "https://deno.land/x/shell_stream@v1.1.0/examples/pre-commit-parallel.ts": "2331f04bd7b5e974f2206029821bde5cadb2e5ce791d806a03b850e4a435a4e8",
    "https://deno.land/x/shell_stream@v1.1.0/file/FileStream.ts": "6aa8920320495c0aabad9851f692ab80f109297d4411414f8ad446b4d9de7491",
    "https://deno.land/x/shell_stream@v1.1.0/line/LineStream.ts": "04aa84d9fb72c6731e9929eef10792353c9486758802092d0d6dead814792310",
    "https://deno.land/x/shell_stream@v1.1.0/mod.ts": "94d42336fdee01375edd80cc8f5de0ab6f66f9749af8c647ea4b790de6f096d7",
    "https://deno.land/x/shell_stream@v1.1.0/run/RunError.ts": "ca67be84801d7a6afe81d4929f6058909cd40ecba2abf56f10d61018e1365c8e",
    "https://deno.land/x/shell_stream@v1.1.0/run/RunStream.ts": "f51e4dd269115090f59924ec4b85cc794040e298318ee13db058a373a15d05de",
    "https://deno.land/x/shell_stream@v1.1.0/transform/FilterTransform.ts": "d08d4a45b82e71cec5bb3917ea9a1ee77119a9d54c9dd095d6487d517ab97a22",
    "https://deno.land/x/shell_stream@v1.1.0/transform/GrepoTransform.ts": "751030014c936eac635aaea35ef6e8819d742175242a6ba706cb0a2958e612c2",
    "https://deno.land/x/shell_stream@v1.1.0/transform/HeadTransform.ts": "fe0f880e8470c6e20f3564be419f1fdd56b450c7cd2911ff536b1a7a49bdbe14",
    "https://deno.land/x/shell_stream@v1.1.0/transform/MapAwaitParallelTransform.ts": "e105422191194775d586cec6b1e7ae0e7792f084f5cf3c548c98b94441ffb87c",
    "https://deno.land/x/shell_stream@v1.1.0/transform/MapAwaitTransform.ts": "f3bf2005d4230c814e30d30736e4d353d40676a32218fbfc87c954cc3c4f8c63",
    "https://deno.land/x/shell_stream@v1.1.0/transform/MapTransform.ts": "e7bc8d1fc9c4761ed21c6c0b778a3e202317984228c83f2e4d92fd67930b9cc9",
    "https://deno.land/x/shell_stream@v1.1.0/transform/SortTransform.ts": "1b07416d3f6bfa19c103325d1d01efe775493f1f83cc1f78cf019ceaa4839ef3",
    "https://deno.land/x/shell_stream@v1.1.0/transform/SpongeTransform.ts": "54418ab5fd2234480dffb437acc2f6bf2b2b3f111689dfeaa9aa2298f43c7065",
    "https://deno.land/x/shell_stream@v1.1.0/transform/TailTransform.ts": "657366e85eb50739e47caf9ae1c5df41aa9f148a309dc6215925fcbad4ce7e17",
    "https://deno.land/x/shell_stream@v1.1.0/transform/UniqTransform.ts": "f056992719e0d021428a01fa795021df511646fe718f28e90472bcf430dcdb64",
    "https://deno.land/x/shell_stream@v1.1.0/utils/ArrayToStream.ts": "e035876a6b159e450d6c8169c59e24896d6b8c4c8875956a997ddb7600a14f17",
    "https://deno.land/x/shell_stream@v1.1.0/utils/PromiseToStream.ts": "71de5b07e10d5df5fab1f8041cf1c09bc0609a58030ff3d64ef1f7c33884b104",
    "https://deno.land/x/shell_stream@v1.1.0/utils/StreamToArray.ts": "0bcf4315ee436982ca84e0385d04fe29462bf514054577f65ac70ae59b5b3588",
    "https://deno.land/x/shell_stream@v1.1.0/utils/dirToStream.ts": "079ba820502db11592901b86f27e86956977ba0e28f37bbf2af7dad9c69e3d63",
    "https://deno.land/x/shell_stream@v1.1.0/utils/parseCmdString.ts": "471c0cfbb052ca6db8ff4f5e843388314f989a325fd7ad879348518ddc19185e",
    "https://deno.land/x/shell_stream@v1.1.0/utils/sanitize.ts": "bddc56e91af9cb65d1f9f8bfffa0301bbc26d4cbf655766edccd292ac5e0b849",
    "https://deno.land/x/shell_stream@v1.1.0/utils/walkToStream.ts": "8af2e4858ded267fba3df28a8973609cfdf0526870c416ddec1786d0b4f12b28",
    "https://deno.land/x/xml@2.0.1/mod.ts": "e0f63d82d3bb4c082e009956a34a2b3a31006dbdc28b25d27c5089feb8e9fa4f",
    "https://deno.land/x/xml@2.0.1/parse.ts": "db7c16f4bcb0d47fc704e2d7e11e54716d195e4ba9f8fd8a28aa09007c02749d",
    "https://deno.land/x/xml@2.0.1/stringify.ts": "67989ecd99f25a1c4730f8eb45ea3d9ca8c17ed083851593053a9198e0ca9fff",
    "https://deno.land/x/xml@2.0.1/utils/parser.ts": "d34688443b1811d110cae5288e5fd26880e875c1d3a462b3e46831772d7d6d4b",
    "https://deno.land/x/xml@2.0.1/utils/stream.ts": "8438bf946a1ed08d63a4ef02a6fcca1769c1a304cfd26843ca297f760160fab0",
    "https://deno.land/x/xml@2.0.1/utils/streamable.ts": "d6429add37e740b0a4f1970d8d55ae9798309805c5126e03963533872a20d81d",
    "https://deno.land/x/xml@2.0.1/utils/stringifier.ts": "d97a5649ea34ef61bf9ac34a445a6f1fde458c0b2a0d2d1649ac750cbfd94e43",
    "https://deno.land/x/xml@2.0.1/utils/types.ts": "177db5c652b7fd4233f1ad9df1ec469b28b39997fb14623df910c18a771463da",
    "https://deno.land/x/y18n@v5.0.0-deno/build/lib/index.d.ts": "11f40d97041eb271cc1a1c7b296c6e7a068d4843759575e7416f0d14ebf8239c",
    "https://deno.land/x/y18n@v5.0.0-deno/build/lib/index.js": "92c4624714aa508d33c6d21c0b0ffa072369a8b306e5f8c7727662f570bbd026",
    "https://deno.land/x/y18n@v5.0.0-deno/deno.ts": "80997f0709a0b43d29931e2b33946f2bbc32b13fd82f80a5409628455427e28d",
    "https://deno.land/x/y18n@v5.0.0-deno/lib/platform-shims/deno.ts": "8fa2c96ac03734966260cfd2c5bc240e41725c913e5b64a0297aede09f52b39d",
    "https://deno.land/x/yargs@v17.2.1-deno/build/lib/argsert.js": "eb085555452eac3ff300935994a42f35d16e04cf698cb775cb5ad4f5653c0627",
    "https://deno.land/x/yargs@v17.2.1-deno/build/lib/command.js": "499c95cecd5e93f627e0b5ce66a193c9a595adc10fbafe0581a9725e38324dee",
    "https://deno.land/x/yargs@v17.2.1-deno/build/lib/completion-templates.js": "f84823b1daa0ed0189e4f823f6a4fd29ad58de6a05771004918368fd62bb2b3f",
    "https://deno.land/x/yargs@v17.2.1-deno/build/lib/completion.js": "32fd7b5f14de8ef386dd132e7379105c263a02251337a8a9c51a932e6464eebb",
    "https://deno.land/x/yargs@v17.2.1-deno/build/lib/middleware.js": "cef3f017d5ff61c340c65b8422f5ab9600ba381aa656df634d1a3edf0f967527",
    "https://deno.land/x/yargs@v17.2.1-deno/build/lib/parse-command.js": "327242c0afae207b7aefa13133439e3b321d7db4229febc5b7bd5285770ac7f7",
    "https://deno.land/x/yargs@v17.2.1-deno/build/lib/typings/common-types.js": "9618b81a86acb88a61fd9988e9bc3ec21c5250d94fc2231ba7d898e71500789d",
    "https://deno.land/x/yargs@v17.2.1-deno/build/lib/usage.js": "9611a4766185680869e01e3eccc495bef55c43ff31ecc9916777b53a08adf920",
    "https://deno.land/x/yargs@v17.2.1-deno/build/lib/utils/apply-extends.js": "64640dce92669705abead3bdbe2c46c8318c8623843a55e4726fb3c55ff9dd1d",
    "https://deno.land/x/yargs@v17.2.1-deno/build/lib/utils/is-promise.js": "be45baa3090c5106dd4e442cceef6b357a268783a2ee28ec10fe131a8cd8db72",
    "https://deno.land/x/yargs@v17.2.1-deno/build/lib/utils/levenshtein.js": "d8638efc3376b5f794b1c8df6ef4f3d484b29d919127c7fdc242400e3cfded91",
    "https://deno.land/x/yargs@v17.2.1-deno/build/lib/utils/maybe-async-result.js": "31cf4026279e14c87d16faa14ac758f35c8cc5795d29393c5ce07120f5a3caf6",
    "https://deno.land/x/yargs@v17.2.1-deno/build/lib/utils/obj-filter.js": "5523fb2288d1e86ed48c460e176770b49587554df4ae2405b468c093786b040b",
    "https://deno.land/x/yargs@v17.2.1-deno/build/lib/utils/set-blocking.js": "6fa8ffc3299f456e42902736bae35fbc1f2dc96b3905a02ba9629f5bd9f80af1",
    "https://deno.land/x/yargs@v17.2.1-deno/build/lib/utils/which-module.js": "9267633b2c9f8990b2c699101b641e59ae59932e0dee5270613c0508bfa13c5d",
    "https://deno.land/x/yargs@v17.2.1-deno/build/lib/validation.js": "793dd6724486a73bb8a699b355f6fbdc9996c52e24e5ecba1ae19e08dc37640d",
    "https://deno.land/x/yargs@v17.2.1-deno/build/lib/yargs-factory.js": "477fa9dfda79a20b42396d097f248c549c914393fc64608c716e1a3a7e574731",
    "https://deno.land/x/yargs@v17.2.1-deno/build/lib/yerror.js": "1d9dead374fe06c8f13f2e4adafc002b8a15682b7185abf29638f1be96fd9dfc",
    "https://deno.land/x/yargs@v17.2.1-deno/deno-types.ts": "62f5c61899c6da491890c8c84fd9580cfbfa2a83f5a70f6dc74727bbfb148623",
    "https://deno.land/x/yargs@v17.2.1-deno/deno.ts": "f3df0bfd08ba367ec36dc59ef6cab1a391ace49ad44387ec5fe5d76289af08af",
    "https://deno.land/x/yargs@v17.2.1-deno/lib/platform-shims/deno.ts": "14c4db47fc5c0f504aa9789fda73781b63b93db53fd2c57be6930b915106da5a",
    "https://deno.land/x/yargs_parser@v20.2.4-deno/build/lib/string-utils.js": "12fc056b23703bc370aae5b179dc5abee53fca277abc30eaf76f78d2546d6413",
    "https://deno.land/x/yargs_parser@v20.2.4-deno/build/lib/tokenize-arg-string.js": "7e0875b11795b8e217386e45f14b24a6e501ebbc62e15aa469aa8829d4d0ee61",
    "https://deno.land/x/yargs_parser@v20.2.4-deno/build/lib/yargs-parser-types.d.ts": "434deb76c6632b3b6cbc4c6f153f8aca04e06055ae9c6b24b40218cbc42688d9",
    "https://deno.land/x/yargs_parser@v20.2.4-deno/build/lib/yargs-parser.js": "453200a7dfbb002e605d8009b7dad30f2b1d93665e046ab89c073a4fe63dfd48",
    "https://deno.land/x/yargs_parser@v20.2.4-deno/deno.ts": "ad53c0c82c3982c4fc5be9472384b259e0a32ce1f7ae0f68de7b2445df5642fc",
    "https://deno.land/x/zipjs@v2.3.17/index.js": "dd1249bd3c972bebfaa0cb547d7c7b8df61159b3ef585a815e4e339fe29e7746",
    "https://deno.land/x/zipjs@v2.3.17/lib/core/codecs/aes-crypto.js": "bc9d190c26091eda384015691459af7b7239cc9cb603cc6694f3df1e7661f901",
    "https://deno.land/x/zipjs@v2.3.17/lib/core/codecs/codec-pool-worker.js": "7f0246028045d282f21a6b7c394dc0732ce101666cd9ba1bccea8f7ca6743579",
    "https://deno.land/x/zipjs@v2.3.17/lib/core/codecs/codec-pool.js": "60d0cf5195e065bb7b4875dc2210cc0ba7c3b2e88fefafd9e4bafee6c9f6b916",
    "https://deno.land/x/zipjs@v2.3.17/lib/core/codecs/codec.js": "e3cf0831b091e896bb2865da23de845788131aa6fb6ae55b41313820523c2669",
    "https://deno.land/x/zipjs@v2.3.17/lib/core/codecs/crc32.js": "501ca23101b7a124a77361f245e68ca4cde855e51edd2c2723dd22b057708fbe",
    "https://deno.land/x/zipjs@v2.3.17/lib/core/codecs/deflate.js": "1835f6f6638cd58cabc0582035ab5b504462cb77cd7292272f5af232f2e6569d",
    "https://deno.land/x/zipjs@v2.3.17/lib/core/codecs/inflate.js": "fe6aede5cd22be9306e2b81099ae88e0a2a4312361abe5256f94e6bf1ab90776",
    "https://deno.land/x/zipjs@v2.3.17/lib/core/codecs/sjcl.js": "fcf5f4baf9e204c308d8e1275a38fa7d3333e9a0105ce74a50a9a4afe87b739c",
    "https://deno.land/x/zipjs@v2.3.17/lib/core/codecs/zip-crypto.js": "84d6386421148d1316b29001084f9ea0197fc6dcd80dcf486b66c60487ef3fdb",
    "https://deno.land/x/zipjs@v2.3.17/lib/core/configuration.js": "28216113e06ab213862278b20dcf51297085f228d5f1db2c17eb67ad241b5b2f",
    "https://deno.land/x/zipjs@v2.3.17/lib/core/constants.js": "d2a1138412d5fe85058be8333a69c0096fb7fb7e3db727f6a3d9215e8554d2ba",
    "https://deno.land/x/zipjs@v2.3.17/lib/core/engine.js": "596540c58609ea94d3d50c939c2f4dd69cb89847b9c5ba089c0b4142f491b507",
    "https://deno.land/x/zipjs@v2.3.17/lib/core/io.js": "eddd4781342692ae2a192e084fba732c6dda7280d85253853e9e6b313f56e60e",
    "https://deno.land/x/zipjs@v2.3.17/lib/core/util/cp437-decode.js": "c5c3fab8f5784b508a27e53bf24bbd578a9099e45308c42361d23c89df7478a0",
    "https://deno.land/x/zipjs@v2.3.17/lib/core/util/default-mime-type.js": "e946b85f5061f2df2e472d95c23f3ad05368003879c1146a2895760d8ab83a53",
    "https://deno.land/x/zipjs@v2.3.17/lib/core/util/mime-type.js": "dc6f29674b5bcb8136a89684fc2899c22942c77229e02678c5ff083f74066143",
    "https://deno.land/x/zipjs@v2.3.17/lib/core/util/stream-codec-shim.js": "9027ef4892b4aef8f7ae8c452c634e0a576d3a4372f14fcfcdf4d41b36331837",
    "https://deno.land/x/zipjs@v2.3.17/lib/core/zip-entry.js": "e1b9616b5abae5e48b83fc35ceb9ff8c478d68ba1e35fbc9ed703b6ead3b97f5",
    "https://deno.land/x/zipjs@v2.3.17/lib/core/zip-fs-core.js": "60d1e85d663053005928e4a5cc33ec0be9a3a3386f8ac540af5340c0782faf37",
    "https://deno.land/x/zipjs@v2.3.17/lib/core/zip-reader.js": "a211138f971e90a4473079b893c3e9f9a0011e5394c324c4cf1a8c1cbaa74fc1",
    "https://deno.land/x/zipjs@v2.3.17/lib/core/zip-writer.js": "51c7024bf1e5d3c13d1e6e6fa9f4857cc3360716807832f2f75921ffe39812d8",
    "https://deno.land/x/zipjs@v2.3.17/lib/z-worker-inline.js": "666be5222ba8214033fb8701d6489936cb52a331d378ee205cbccf4da997b298",
    "https://deno.land/x/zipjs@v2.3.17/lib/zip-fs.js": "e11c6dca7f0af9c76e65e727b99490d8f166612f0fd044cb1a429b2131bf33fa"
  }
}
